
Microsoft Visual Studio Solution File, Format Version 12.00
# Visual Studio Version 17
VisualStudioVersion = 17.6.33829.357
MinimumVisualStudioVersion = 10.0.40219.1
Project("{FAE04EC0-301F-11D3-BF4B-00C04F79EFBC}") = "ParkingLot", "ParkingLot\ParkingLot.csproj", "{66F56300-8CA9-4573-A41B-A05C7ADE1171}"
EndProject
Project("{2150E333-8FDC-42A3-9474-1A3956D46DE8}") = "ParkingLot.Project.Backend.Application", "ParkingLot.Project.Backend.Application", "{7027279A-71A8-4AF5-94F2-223B745ECA0F}"
EndProject
Project("{2150E333-8FDC-42A3-9474-1A3956D46DE8}") = "ParkingLot.Project.Backend.Domain", "ParkingLot.Project.Backend.Domain", "{C93B77AD-F417-4D3C-ACB1-A03D8B2BFFE2}"
EndProject
Project("{2150E333-8FDC-42A3-9474-1A3956D46DE8}") = "ParkingLot.Project.Backend.Infra", "ParkingLot.Project.Backend.Infra", "{F343A8CD-F034-42AF-B0E4-56221CDBC1AE}"
EndProject
Global
	GlobalSection(SolutionConfigurationPlatforms) = preSolution
		Debug|Any CPU = Debug|Any CPU
		Release|Any CPU = Release|Any CPU
	EndGlobalSection
	GlobalSection(ProjectConfigurationPlatforms) = postSolution
		{66F56300-8CA9-4573-A41B-A05C7ADE1171}.Debug|Any CPU.ActiveCfg = Debug|Any CPU
		{66F56300-8CA9-4573-A41B-A05C7ADE1171}.Debug|Any CPU.Build.0 = Debug|Any CPU
		{66F56300-8CA9-4573-A41B-A05C7ADE1171}.Release|Any CPU.ActiveCfg = Release|Any CPU
		{66F56300-8CA9-4573-A41B-A05C7ADE1171}.Release|Any CPU.Build.0 = Release|Any CPU
	EndGlobalSection
	GlobalSection(SolutionProperties) = preSolution
		HideSolutionNode = FALSE
	EndGlobalSection
	GlobalSection(ExtensibilityGlobals) = postSolution
		SolutionGuid = {2E5CE872-BDEC-41D5-A7D7-A509CDD4FCD1}
	EndGlobalSection
EndGlobal
